{
  "name": "Vanta Test",
  "lockfileVersion": 2,
  "requires": true,
  "packages": {
    "": {
      "dependencies": {
        "three": "^0.124.0",
        "vanta": "^0.5.22"
      }
    },
    "node_modules/three": {
      "version": "0.124.0",
      "resolved": "https://registry.npmjs.org/three/-/three-0.124.0.tgz",
      "integrity": "sha512-ROXp1Ly7YyF+jC910DQyAWj++Qlw2lQv0qwYLNQwdDbjk4bsOXAfGO92wYTMPNei1GMJUmCxSxc3MjGBTS09Rg=="
    },
    "node_modules/vanta": {
      "version": "0.5.22",
      "resolved": "https://registry.npmjs.org/vanta/-/vanta-0.5.22.tgz",
      "integrity": "sha512-Y58U1SjHU6HeIuwq+te7eonyi7LWzKqyPDjZyQ7Kb6Zy4ampNJHRIUZvf1Pwl6uTC6Qi6P9fUYDsUVQDHq0KKg=="
    }
  },
  "dependencies": {
    "three": {
      "version": "0.124.0",
      "resolved": "https://registry.npmjs.org/three/-/three-0.124.0.tgz",
      "integrity": "sha512-ROXp1Ly7YyF+jC910DQyAWj++Qlw2lQv0qwYLNQwdDbjk4bsOXAfGO92wYTMPNei1GMJUmCxSxc3MjGBTS09Rg=="
    },
    "vanta": {
      "version": "0.5.22",
      "resolved": "https://registry.npmjs.org/vanta/-/vanta-0.5.22.tgz",
      "integrity": "sha512-Y58U1SjHU6HeIuwq+te7eonyi7LWzKqyPDjZyQ7Kb6Zy4ampNJHRIUZvf1Pwl6uTC6Qi6P9fUYDsUVQDHq0KKg=="
    }
  }
}
